// !$*UTF8*$!
{
	archiveVersion = 1;
	classes = {
	};
	objectVersion = 55;
	objects = {

/* Begin PBXBuildFile section */
		6C7A251D2848351A00229442 /* ForumAppApp.swift in Sources */ = {isa = PBXBuildFile; fileRef = 6C7A251C2848351A00229442 /* ForumAppApp.swift */; };
		6C7A251F2848351A00229442 /* ContentView.swift in Sources */ = {isa = PBXBuildFile; fileRef = 6C7A251E2848351A00229442 /* ContentView.swift */; };
		6C7A25212848351C00229442 /* Assets.xcassets in Resources */ = {isa = PBXBuildFile; fileRef = 6C7A25202848351C00229442 /* Assets.xcassets */; };
		6C7A25242848351C00229442 /* Preview Assets.xcassets in Resources */ = {isa = PBXBuildFile; fileRef = 6C7A25232848351C00229442 /* Preview Assets.xcassets */; };
		6C7A252C2848356700229442 /* ForumFriend.swift in Sources */ = {isa = PBXBuildFile; fileRef = 6C7A252B2848356700229442 /* ForumFriend.swift */; };
		6C7A252E2848358200229442 /* UserInfo.swift in Sources */ = {isa = PBXBuildFile; fileRef = 6C7A252D2848358200229442 /* UserInfo.swift */; };
		6C7A25302848368900229442 /* ForumStats.swift in Sources */ = {isa = PBXBuildFile; fileRef = 6C7A252F2848368900229442 /* ForumStats.swift */; };
		6C7A25322848370800229442 /* ContentViewViewModel.swift in Sources */ = {isa = PBXBuildFile; fileRef = 6C7A25312848370800229442 /* ContentViewViewModel.swift */; };
		6C7A25342848371300229442 /* ForumAPI.swift in Sources */ = {isa = PBXBuildFile; fileRef = 6C7A25332848371300229442 /* ForumAPI.swift */; };
/* End PBXBuildFile section */

/* Begin PBXFileReference section */
		6C7A25192848351A00229442 /* ForumApp.app */ = {isa = PBXFileReference; explicitFileType = wrapper.application; includeInIndex = 0; path = ForumApp.app; sourceTree = BUILT_PRODUCTS_DIR; };
		6C7A251C2848351A00229442 /* ForumAppApp.swift */ = {isa = PBXFileReference; lastKnownFileType = sourcecode.swift; path = ForumAppApp.swift; sourceTree = "<group>"; };
		6C7A251E2848351A00229442 /* ContentView.swift */ = {isa = PBXFileReference; lastKnownFileType = sourcecode.swift; path = ContentView.swift; sourceTree = "<group>"; };
		6C7A25202848351C00229442 /* Assets.xcassets */ = {isa = PBXFileReference; lastKnownFileType = folder.assetcatalog; path = Assets.xcassets; sourceTree = "<group>"; };
		6C7A25232848351C00229442 /* Preview Assets.xcassets */ = {isa = PBXFileReference; lastKnownFileType = folder.assetcatalog; path = "Preview Assets.xcassets"; sourceTree = "<group>"; };
		6C7A252B2848356700229442 /* ForumFriend.swift */ = {isa = PBXFileReference; lastKnownFileType = sourcecode.swift; path = ForumFriend.swift; sourceTree = "<group>"; };
		6C7A252D2848358200229442 /* UserInfo.swift */ = {isa = PBXFileReference; lastKnownFileType = sourcecode.swift; path = UserInfo.swift; sourceTree = "<group>"; };
		6C7A252F2848368900229442 /* ForumStats.swift */ = {isa = PBXFileReference; lastKnownFileType = sourcecode.swift; path = ForumStats.swift; sourceTree = "<group>"; };
		6C7A25312848370800229442 /* ContentViewViewModel.swift */ = {isa = PBXFileReference; lastKnownFileType = sourcecode.swift; path = ContentViewViewModel.swift; sourceTree = "<group>"; };
		6C7A25332848371300229442 /* ForumAPI.swift */ = {isa = PBXFileReference; lastKnownFileType = sourcecode.swift; path = ForumAPI.swift; sourceTree = "<group>"; };
/* End PBXFileReference section */

/* Begin PBXFrameworksBuildPhase section */
		6C7A25162848351A00229442 /* Frameworks */ = {
			isa = PBXFrameworksBuildPhase;
			buildActionMask = 2147483647;
			files = (
			);
			runOnlyForDeploymentPostprocessing = 0;
		};
/* End PBXFrameworksBuildPhase section */

/* Begin PBXGroup section */
		6C7A25102848351A00229442 = {
			isa = PBXGroup;
			children = (
				6C7A251B2848351A00229442 /* ForumApp */,
				6C7A251A2848351A00229442 /* Products */,
			);
			sourceTree = "<group>";
		};
		6C7A251A2848351A00229442 /* Products */ = {
			isa = PBXGroup;
			children = (
				6C7A25192848351A00229442 /* ForumApp.app */,
			);
			name = Products;
			sourceTree = "<group>";
		};
		6C7A251B2848351A00229442 /* ForumApp */ = {
			isa = PBXGroup;
			children = (
				6C7A252A2848352100229442 /* API */,
				6C7A251C2848351A00229442 /* ForumAppApp.swift */,
				6C7A251E2848351A00229442 /* ContentView.swift */,
				6C7A25202848351C00229442 /* Assets.xcassets */,
				6C7A25222848351C00229442 /* Preview Content */,
				6C7A25312848370800229442 /* ContentViewViewModel.swift */,
			);
			path = ForumApp;
			sourceTree = "<group>";
		};
		6C7A25222848351C00229442 /* Preview Content */ = {
			isa = PBXGroup;
			children = (
				6C7A25232848351C00229442 /* Preview Assets.xcassets */,
			);
			path = "Preview Content";
			sourceTree = "<group>";
		};
		6C7A252A2848352100229442 /* API */ = {
			isa = PBXGroup;
			children = (
				6C7A252B2848356700229442 /* ForumFriend.swift */,
				6C7A252D2848358200229442 /* UserInfo.swift */,
				6C7A252F2848368900229442 /* ForumStats.swift */,
				6C7A25332848371300229442 /* ForumAPI.swift */,
			);
			path = API;
			sourceTree = "<group>";
		};
/* End PBXGroup section */

/* Begin PBXNativeTarget section */
		6C7A25182848351A00229442 /* ForumApp */ = {
			isa = PBXNativeTarget;
			buildConfigurationList = 6C7A25272848351C00229442 /* Build configuration list for PBXNativeTarget "ForumApp" */;
			buildPhases = (
				6C7A25152848351A00229442 /* Sources */,
				6C7A25162848351A00229442 /* Frameworks */,
				6C7A25172848351A00229442 /* Resources */,
			);
			buildRules = (
			);
			dependencies = (
			);
			name = ForumApp;
			productName = ForumApp;
			productReference = 6C7A25192848351A00229442 /* ForumApp.app */;
			productType = "com.apple.product-type.application";
		};
/* End PBXNativeTarget section */

/* Begin PBXProject section */
		6C7A25112848351A00229442 /* Project object */ = {
			isa = PBXProject;
			attributes = {
				BuildIndependentTargetsInParallel = 1;
				LastSwiftUpdateCheck = 1340;
				LastUpgradeCheck = 1340;
				TargetAttributes = {
					6C7A25182848351A00229442 = {
						CreatedOnToolsVersion = 13.4;
					};
				};
			};
			buildConfigurationList = 6C7A25142848351A00229442 /* Build configuration list for PBXProject "ForumApp" */;
			compatibilityVersion = "Xcode 13.0";
			developmentRegion = en;
			hasScannedForEncodings = 0;
			knownRegions = (
				en,
				Base,
			);
			mainGroup = 6C7A25102848351A00229442;
			productRefGroup = 6C7A251A2848351A00229442 /* Products */;
			projectDirPath = "";
			projectRoot = "";
			targets = (
				6C7A25182848351A00229442 /* ForumApp */,
			);
		};
/* End PBXProject section */

/* Begin PBXResourcesBuildPhase section */
		6C7A25172848351A00229442 /* Resources */ = {
			isa = PBXResourcesBuildPhase;
			buildActionMask = 2147483647;
			files = (
				6C7A25242848351C00229442 /* Preview Assets.xcassets in Resources */,
				6C7A25212848351C00229442 /* Assets.xcassets in Resources */,
			);
			runOnlyForDeploymentPostprocessing = 0;
		};
/* End PBXResourcesBuildPhase section */

/* Begin PBXSourcesBuildPhase section */
		6C7A25152848351A00229442 /* Sources */ = {
			isa = PBXSourcesBuildPhase;
			buildActionMask = 2147483647;
			files = (
				6C7A252E2848358200229442 /* UserInfo.swift in Sources */,
				6C7A251F2848351A00229442 /* ContentView.swift in Sources */,
				6C7A252C2848356700229442 /* ForumFriend.swift in Sources */,
				6C7A25302848368900229442 /* ForumStats.swift in Sources */,
				6C7A25342848371300229442 /* ForumAPI.swift in Sources */,
				6C7A251D2848351A00229442 /* ForumAppApp.swift in Sources */,
				6C7A25322848370800229442 /* ContentViewViewModel.swift in Sources */,
			);
			runOnlyForDeploymentPostprocessing = 0;
		};
/* End PBXSourcesBuildPhase section */

/* Begin XCBuildConfiguration section */
		6C7A25252848351C00229442 /* Debug */ = {
			isa = XCBuildConfiguration;
			buildSettings = {
				ALWAYS_SEARCH_USER_PATHS = NO;
				CLANG_ANALYZER_NONNULL = YES;
				CLANG_ANALYZER_NUMBER_OBJECT_CONVERSION = YES_AGGRESSIVE;
				CLANG_CXX_LANGUAGE_STANDARD = "gnu++17";
				CLANG_ENABLE_MODULES = YES;
				CLANG_ENABLE_OBJC_ARC = YES;
				CLANG_ENABLE_OBJC_WEAK = YES;
				CLANG_WARN_BLOCK_CAPTURE_AUTORELEASING = YES;
				CLANG_WARN_BOOL_CONVERSION = YES;
				CLANG_WARN_COMMA = YES;
				CLANG_WARN_CONSTANT_CONVERSION = YES;
				CLANG_WARN_DEPRECATED_OBJC_IMPLEMENTATIONS = YES;
				CLANG_WARN_DIRECT_OBJC_ISA_USAGE = YES_ERROR;
				CLANG_WARN_DOCUMENTATION_COMMENTS = YES;
				CLANG_WARN_EMPTY_BODY = YES;
				CLANG_WARN_ENUM_CONVERSION = YES;
				CLANG_WARN_INFINITE_RECURSION = YES;
				CLANG_WARN_INT_CONVERSION = YES;
				CLANG_WARN_NON_LITERAL_NULL_CONVERSION = YES;
				CLANG_WARN_OBJC_IMPLICIT_RETAIN_SELF = YES;
				CLANG_WARN_OBJC_LITERAL_CONVERSION = YES;
				CLANG_WARN_OBJC_ROOT_CLASS = YES_ERROR;
				CLANG_WARN_QUOTED_INCLUDE_IN_FRAMEWORK_HEADER = YES;
				CLANG_WARN_RANGE_LOOP_ANALYSIS = YES;
				CLANG_WARN_STRICT_PROTOTYPES = YES;
				CLANG_WARN_SUSPICIOUS_MOVE = YES;
				CLANG_WARN_UNGUARDED_AVAILABILITY = YES_AGGRESSIVE;
				CLANG_WARN_UNREACHABLE_CODE = YES;
				CLANG_WARN__DUPLICATE_METHOD_MATCH = YES;
				COPY_PHASE_STRIP = NO;
				DEBUG_INFORMATION_FORMAT = dwarf;
				ENABLE_STRICT_OBJC_MSGSEND = YES;
				ENABLE_TESTABILITY = YES;
				GCC_C_LANGUAGE_STANDARD = gnu11;
				GCC_DYNAMIC_NO_PIC = NO;
				GCC_NO_COMMON_BLOCKS = YES;
				GCC_OPTIMIZATION_LEVEL = 0;
				GCC_PREPROCESSOR_DEFINITIONS = (
					"DEBUG=1",
					"$(inherited)",
				);
				GCC_WARN_64_TO_32_BIT_CONVERSION = YES;
				GCC_WARN_ABOUT_RETURN_TYPE = YES_ERROR;
				GCC_WARN_UNDECLARED_SELECTOR = YES;
				GCC_WARN_UNINITIALIZED_AUTOS = YES_AGGRESSIVE;
				GCC_WARN_UNUSED_FUNCTION = YES;
				GCC_WARN_UNUSED_VARIABLE = YES;
				IPHONEOS_DEPLOYMENT_TARGET = 15.5;
				MTL_ENABLE_DEBUG_INFO = INCLUDE_SOURCE;
				MTL_FAST_MATH = YES;
				ONLY_ACTIVE_ARCH = YES;
				SDKROOT = iphoneos;
				SWIFT_ACTIVE_COMPILATION_CONDITIONS = DEBUG;
				SWIFT_OPTIMIZATION_LEVEL = "-Onone";
			};
			name = Debug;
		};
		6C7A25262848351C00229442 /* Release */ = {
			isa = XCBuildConfiguration;
			buildSettings = {
				ALWAYS_SEARCH_USER_PATHS = NO;
				CLANG_ANALYZER_NONNULL = YES;
				CLANG_ANALYZER_NUMBER_OBJECT_CONVERSION = YES_AGGRESSIVE;
				CLANG_CXX_LANGUAGE_STANDARD = "gnu++17";
				CLANG_ENABLE_MODULES = YES;
				CLANG_ENABLE_OBJC_ARC = YES;
				CLANG_ENABLE_OBJC_WEAK = YES;
				CLANG_WARN_BLOCK_CAPTURE_AUTORELEASING = YES;
				CLANG_WARN_BOOL_CONVERSION = YES;
				CLANG_WARN_COMMA = YES;
				CLANG_WARN_CONSTANT_CONVERSION = YES;
				CLANG_WARN_DEPRECATED_OBJC_IMPLEMENTATIONS = YES;
				CLANG_WARN_DIRECT_OBJC_ISA_USAGE = YES_ERROR;
				CLANG_WARN_DOCUMENTATION_COMMENTS = YES;
				CLANG_WARN_EMPTY_BODY = YES;
				CLANG_WARN_ENUM_CONVERSION = YES;
				CLANG_WARN_INFINITE_RECURSION = YES;
				CLANG_WARN_INT_CONVERSION = YES;
				CLANG_WARN_NON_LITERAL_NULL_CONVERSION = YES;
				CLANG_WARN_OBJC_IMPLICIT_RETAIN_SELF = YES;
				CLANG_WARN_OBJC_LITERAL_CONVERSION = YES;
				CLANG_WARN_OBJC_ROOT_CLASS = YES_ERROR;
				CLANG_WARN_QUOTED_INCLUDE_IN_FRAMEWORK_HEADER = YES;
				CLANG_WARN_RANGE_LOOP_ANALYSIS = YES;
				CLANG_WARN_STRICT_PROTOTYPES = YES;
				CLANG_WARN_SUSPICIOUS_MOVE = YES;
				CLANG_WARN_UNGUARDED_AVAILABILITY = YES_AGGRESSIVE;
				CLANG_WARN_UNREACHABLE_CODE = YES;
				CLANG_WARN__DUPLICATE_METHOD_MATCH = YES;
				COPY_PHASE_STRIP = NO;
				DEBUG_INFORMATION_FORMAT = "dwarf-with-dsym";
				ENABLE_NS_ASSERTIONS = NO;
				ENABLE_STRICT_OBJC_MSGSEND = YES;
				GCC_C_LANGUAGE_STANDARD = gnu11;
				GCC_NO_COMMON_BLOCKS = YES;
				GCC_WARN_64_TO_32_BIT_CONVERSION = YES;
				GCC_WARN_ABOUT_RETURN_TYPE = YES_ERROR;
				GCC_WARN_UNDECLARED_SELECTOR = YES;
				GCC_WARN_UNINITIALIZED_AUTOS = YES_AGGRESSIVE;
				GCC_WARN_UNUSED_FUNCTION = YES;
				GCC_WARN_UNUSED_VARIABLE = YES;
				IPHONEOS_DEPLOYMENT_TARGET = 15.5;
				MTL_ENABLE_DEBUG_INFO = NO;
				MTL_FAST_MATH = YES;
				SDKROOT = iphoneos;
				SWIFT_COMPILATION_MODE = wholemodule;
				SWIFT_OPTIMIZATION_LEVEL = "-O";
				VALIDATE_PRODUCT = YES;
			};
			name = Release;
		};
		6C7A25282848351C00229442 /* Debug */ = {
			isa = XCBuildConfiguration;
			buildSettings = {
				ASSETCATALOG_COMPILER_APPICON_NAME = AppIcon;
				ASSETCATALOG_COMPILER_GLOBAL_ACCENT_COLOR_NAME = AccentColor;
				CODE_SIGN_STYLE = Automatic;
				CURRENT_PROJECT_VERSION = 1;
				DEVELOPMENT_ASSET_PATHS = "\"ForumApp/Preview Content\"";
				DEVELOPMENT_TEAM = 7X7FABXK4C;
				ENABLE_PREVIEWS = YES;
				GENERATE_INFOPLIST_FILE = YES;
				INFOPLIST_KEY_UIApplicationSceneManifest_Generation = YES;
				INFOPLIST_KEY_UIApplicationSupportsIndirectInputEvents = YES;
				INFOPLIST_KEY_UILaunchScreen_Generation = YES;
				INFOPLIST_KEY_UISupportedInterfaceOrientations_iPad = "UIInterfaceOrientationPortrait UIInterfaceOrientationPortraitUpsideDown UIInterfaceOrientationLandscapeLeft UIInterfaceOrientationLandscapeRight";
				INFOPLIST_KEY_UISupportedInterfaceOrientations_iPhone = "UIInterfaceOrientationPortrait UIInterfaceOrientationLandscapeLeft UIInterfaceOrientationLandscapeRight";
				LD_RUNPATH_SEARCH_PATHS = (
					"$(inherited)",
					"@executable_path/Frameworks",
				);
				MARKETING_VERSION = 1.0;
				PRODUCT_BUNDLE_IDENTIFIER = com.andyibanez.ForumApp;
				PRODUCT_NAME = "$(TARGET_NAME)";
				SWIFT_EMIT_LOC_STRINGS = YES;
				SWIFT_VERSION = 5.0;
				TARGETED_DEVICE_FAMILY = "1,2";
			};
			name = Debug;
		};
		6C7A25292848351C00229442 /* Release */ = {
			isa = XCBuildConfiguration;
			buildSettings = {
				ASSETCATALOG_COMPILER_APPICON_NAME = AppIcon;
				ASSETCATALOG_COMPILER_GLOBAL_ACCENT_COLOR_NAME = AccentColor;
				CODE_SIGN_STYLE = Automatic;
				CURRENT_PROJECT_VERSION = 1;
				DEVELOPMENT_ASSET_PATHS = "\"ForumApp/Preview Content\"";
				DEVELOPMENT_TEAM = 7X7FABXK4C;
				ENABLE_PREVIEWS = YES;
				GENERATE_INFOPLIST_FILE = YES;
				INFOPLIST_KEY_UIApplicationSceneManifest_Generation = YES;
				INFOPLIST_KEY_UIApplicationSupportsIndirectInputEvents = YES;
				INFOPLIST_KEY_UILaunchScreen_Generation = YES;
				INFOPLIST_KEY_UISupportedInterfaceOrientations_iPad = "UIInterfaceOrientationPortrait UIInterfaceOrientationPortraitUpsideDown UIInterfaceOrientationLandscapeLeft UIInterfaceOrientationLandscapeRight";
				INFOPLIST_KEY_UISupportedInterfaceOrientations_iPhone = "UIInterfaceOrientationPortrait UIInterfaceOrientationLandscapeLeft UIInterfaceOrientationLandscapeRight";
				LD_RUNPATH_SEARCH_PATHS = (
					"$(inherited)",
					"@executable_path/Frameworks",
				);
				MARKETING_VERSION = 1.0;
				PRODUCT_BUNDLE_IDENTIFIER = com.andyibanez.ForumApp;
				PRODUCT_NAME = "$(TARGET_NAME)";
				SWIFT_EMIT_LOC_STRINGS = YES;
				SWIFT_VERSION = 5.0;
				TARGETED_DEVICE_FAMILY = "1,2";
			};
			name = Release;
		};
/* End XCBuildConfiguration section */

/* Begin XCConfigurationList section */
		6C7A25142848351A00229442 /* Build configuration list for PBXProject "ForumApp" */ = {
			isa = XCConfigurationList;
			buildConfigurations = (
				6C7A25252848351C00229442 /* Debug */,
				6C7A25262848351C00229442 /* Release */,
			);
			defaultConfigurationIsVisible = 0;
			defaultConfigurationName = Release;
		};
		6C7A25272848351C00229442 /* Build configuration list for PBXNativeTarget "ForumApp" */ = {
			isa = XCConfigurationList;
			buildConfigurations = (
				6C7A25282848351C00229442 /* Debug */,
				6C7A25292848351C00229442 /* Release */,
			);
			defaultConfigurationIsVisible = 0;
			defaultConfigurationName = Release;
		};
/* End XCConfigurationList section */
	};
	rootObject = 6C7A25112848351A00229442 /* Project object */;
}
