// !$*UTF8*$!
{
	archiveVersion = 1;
	classes = {
	};
	objectVersion = 55;
	objects = {

/* Begin PBXBuildFile section */
		6CAC993428404C52005835DF /* Chapter_2_ExerciseApp.swift in Sources */ = {isa = PBXBuildFile; fileRef = 6CAC993328404C52005835DF /* Chapter_2_ExerciseApp.swift */; };
		6CAC993628404C52005835DF /* ContentView.swift in Sources */ = {isa = PBXBuildFile; fileRef = 6CAC993528404C52005835DF /* ContentView.swift */; };
		6CAC993828404C54005835DF /* Assets.xcassets in Resources */ = {isa = PBXBuildFile; fileRef = 6CAC993728404C54005835DF /* Assets.xcassets */; };
		6CAC993B28404C54005835DF /* Preview Assets.xcassets in Resources */ = {isa = PBXBuildFile; fileRef = 6CAC993A28404C54005835DF /* Preview Assets.xcassets */; };
		6CAC994228404F37005835DF /* HealthManager.swift in Sources */ = {isa = PBXBuildFile; fileRef = 6CAC994128404F37005835DF /* HealthManager.swift */; };
		6CAC994628405167005835DF /* HealthKit.framework in Frameworks */ = {isa = PBXBuildFile; fileRef = 6CAC994528405167005835DF /* HealthKit.framework */; };
		6CAC994928405762005835DF /* ContentViewViewModel.swift in Sources */ = {isa = PBXBuildFile; fileRef = 6CAC994828405761005835DF /* ContentViewViewModel.swift */; };
/* End PBXBuildFile section */

/* Begin PBXFileReference section */
		6CAC993028404C52005835DF /* Chapter 2 Exercise.app */ = {isa = PBXFileReference; explicitFileType = wrapper.application; includeInIndex = 0; path = "Chapter 2 Exercise.app"; sourceTree = BUILT_PRODUCTS_DIR; };
		6CAC993328404C52005835DF /* Chapter_2_ExerciseApp.swift */ = {isa = PBXFileReference; lastKnownFileType = sourcecode.swift; path = Chapter_2_ExerciseApp.swift; sourceTree = "<group>"; };
		6CAC993528404C52005835DF /* ContentView.swift */ = {isa = PBXFileReference; lastKnownFileType = sourcecode.swift; path = ContentView.swift; sourceTree = "<group>"; };
		6CAC993728404C54005835DF /* Assets.xcassets */ = {isa = PBXFileReference; lastKnownFileType = folder.assetcatalog; path = Assets.xcassets; sourceTree = "<group>"; };
		6CAC993A28404C54005835DF /* Preview Assets.xcassets */ = {isa = PBXFileReference; lastKnownFileType = folder.assetcatalog; path = "Preview Assets.xcassets"; sourceTree = "<group>"; };
		6CAC994128404F37005835DF /* HealthManager.swift */ = {isa = PBXFileReference; lastKnownFileType = sourcecode.swift; path = HealthManager.swift; sourceTree = "<group>"; };
		6CAC994328405167005835DF /* Chapter 2 Exercise.entitlements */ = {isa = PBXFileReference; lastKnownFileType = text.plist.entitlements; path = "Chapter 2 Exercise.entitlements"; sourceTree = "<group>"; };
		6CAC994528405167005835DF /* HealthKit.framework */ = {isa = PBXFileReference; lastKnownFileType = wrapper.framework; name = HealthKit.framework; path = System/Library/Frameworks/HealthKit.framework; sourceTree = SDKROOT; };
		6CAC994728405198005835DF /* Chapter-2-Exercise-Info.plist */ = {isa = PBXFileReference; lastKnownFileType = text.plist; path = "Chapter-2-Exercise-Info.plist"; sourceTree = SOURCE_ROOT; };
		6CAC994828405761005835DF /* ContentViewViewModel.swift */ = {isa = PBXFileReference; lastKnownFileType = sourcecode.swift; path = ContentViewViewModel.swift; sourceTree = "<group>"; };
/* End PBXFileReference section */

/* Begin PBXFrameworksBuildPhase section */
		6CAC992D28404C52005835DF /* Frameworks */ = {
			isa = PBXFrameworksBuildPhase;
			buildActionMask = 2147483647;
			files = (
				6CAC994628405167005835DF /* HealthKit.framework in Frameworks */,
			);
			runOnlyForDeploymentPostprocessing = 0;
		};
/* End PBXFrameworksBuildPhase section */

/* Begin PBXGroup section */
		6CAC992728404C52005835DF = {
			isa = PBXGroup;
			children = (
				6CAC993228404C52005835DF /* Chapter 2 Exercise */,
				6CAC993128404C52005835DF /* Products */,
				6CAC994428405167005835DF /* Frameworks */,
			);
			sourceTree = "<group>";
		};
		6CAC993128404C52005835DF /* Products */ = {
			isa = PBXGroup;
			children = (
				6CAC993028404C52005835DF /* Chapter 2 Exercise.app */,
			);
			name = Products;
			sourceTree = "<group>";
		};
		6CAC993228404C52005835DF /* Chapter 2 Exercise */ = {
			isa = PBXGroup;
			children = (
				6CAC994728405198005835DF /* Chapter-2-Exercise-Info.plist */,
				6CAC994328405167005835DF /* Chapter 2 Exercise.entitlements */,
				6CAC993328404C52005835DF /* Chapter_2_ExerciseApp.swift */,
				6CAC993528404C52005835DF /* ContentView.swift */,
				6CAC993728404C54005835DF /* Assets.xcassets */,
				6CAC993928404C54005835DF /* Preview Content */,
				6CAC994128404F37005835DF /* HealthManager.swift */,
				6CAC994828405761005835DF /* ContentViewViewModel.swift */,
			);
			path = "Chapter 2 Exercise";
			sourceTree = "<group>";
		};
		6CAC993928404C54005835DF /* Preview Content */ = {
			isa = PBXGroup;
			children = (
				6CAC993A28404C54005835DF /* Preview Assets.xcassets */,
			);
			path = "Preview Content";
			sourceTree = "<group>";
		};
		6CAC994428405167005835DF /* Frameworks */ = {
			isa = PBXGroup;
			children = (
				6CAC994528405167005835DF /* HealthKit.framework */,
			);
			name = Frameworks;
			sourceTree = "<group>";
		};
/* End PBXGroup section */

/* Begin PBXNativeTarget section */
		6CAC992F28404C52005835DF /* Chapter 2 Exercise */ = {
			isa = PBXNativeTarget;
			buildConfigurationList = 6CAC993E28404C54005835DF /* Build configuration list for PBXNativeTarget "Chapter 2 Exercise" */;
			buildPhases = (
				6CAC992C28404C52005835DF /* Sources */,
				6CAC992D28404C52005835DF /* Frameworks */,
				6CAC992E28404C52005835DF /* Resources */,
			);
			buildRules = (
			);
			dependencies = (
			);
			name = "Chapter 2 Exercise";
			productName = "Chapter 2 Exercise";
			productReference = 6CAC993028404C52005835DF /* Chapter 2 Exercise.app */;
			productType = "com.apple.product-type.application";
		};
/* End PBXNativeTarget section */

/* Begin PBXProject section */
		6CAC992828404C52005835DF /* Project object */ = {
			isa = PBXProject;
			attributes = {
				BuildIndependentTargetsInParallel = 1;
				LastSwiftUpdateCheck = 1340;
				LastUpgradeCheck = 1340;
				TargetAttributes = {
					6CAC992F28404C52005835DF = {
						CreatedOnToolsVersion = 13.4;
					};
				};
			};
			buildConfigurationList = 6CAC992B28404C52005835DF /* Build configuration list for PBXProject "Chapter 2 Exercise" */;
			compatibilityVersion = "Xcode 13.0";
			developmentRegion = en;
			hasScannedForEncodings = 0;
			knownRegions = (
				en,
				Base,
			);
			mainGroup = 6CAC992728404C52005835DF;
			productRefGroup = 6CAC993128404C52005835DF /* Products */;
			projectDirPath = "";
			projectRoot = "";
			targets = (
				6CAC992F28404C52005835DF /* Chapter 2 Exercise */,
			);
		};
/* End PBXProject section */

/* Begin PBXResourcesBuildPhase section */
		6CAC992E28404C52005835DF /* Resources */ = {
			isa = PBXResourcesBuildPhase;
			buildActionMask = 2147483647;
			files = (
				6CAC993B28404C54005835DF /* Preview Assets.xcassets in Resources */,
				6CAC993828404C54005835DF /* Assets.xcassets in Resources */,
			);
			runOnlyForDeploymentPostprocessing = 0;
		};
/* End PBXResourcesBuildPhase section */

/* Begin PBXSourcesBuildPhase section */
		6CAC992C28404C52005835DF /* Sources */ = {
			isa = PBXSourcesBuildPhase;
			buildActionMask = 2147483647;
			files = (
				6CAC993628404C52005835DF /* ContentView.swift in Sources */,
				6CAC994228404F37005835DF /* HealthManager.swift in Sources */,
				6CAC993428404C52005835DF /* Chapter_2_ExerciseApp.swift in Sources */,
				6CAC994928405762005835DF /* ContentViewViewModel.swift in Sources */,
			);
			runOnlyForDeploymentPostprocessing = 0;
		};
/* End PBXSourcesBuildPhase section */

/* Begin XCBuildConfiguration section */
		6CAC993C28404C54005835DF /* Debug */ = {
			isa = XCBuildConfiguration;
			buildSettings = {
				ALWAYS_SEARCH_USER_PATHS = NO;
				CLANG_ANALYZER_NONNULL = YES;
				CLANG_ANALYZER_NUMBER_OBJECT_CONVERSION = YES_AGGRESSIVE;
				CLANG_CXX_LANGUAGE_STANDARD = "gnu++17";
				CLANG_ENABLE_MODULES = YES;
				CLANG_ENABLE_OBJC_ARC = YES;
				CLANG_ENABLE_OBJC_WEAK = YES;
				CLANG_WARN_BLOCK_CAPTURE_AUTORELEASING = YES;
				CLANG_WARN_BOOL_CONVERSION = YES;
				CLANG_WARN_COMMA = YES;
				CLANG_WARN_CONSTANT_CONVERSION = YES;
				CLANG_WARN_DEPRECATED_OBJC_IMPLEMENTATIONS = YES;
				CLANG_WARN_DIRECT_OBJC_ISA_USAGE = YES_ERROR;
				CLANG_WARN_DOCUMENTATION_COMMENTS = YES;
				CLANG_WARN_EMPTY_BODY = YES;
				CLANG_WARN_ENUM_CONVERSION = YES;
				CLANG_WARN_INFINITE_RECURSION = YES;
				CLANG_WARN_INT_CONVERSION = YES;
				CLANG_WARN_NON_LITERAL_NULL_CONVERSION = YES;
				CLANG_WARN_OBJC_IMPLICIT_RETAIN_SELF = YES;
				CLANG_WARN_OBJC_LITERAL_CONVERSION = YES;
				CLANG_WARN_OBJC_ROOT_CLASS = YES_ERROR;
				CLANG_WARN_QUOTED_INCLUDE_IN_FRAMEWORK_HEADER = YES;
				CLANG_WARN_RANGE_LOOP_ANALYSIS = YES;
				CLANG_WARN_STRICT_PROTOTYPES = YES;
				CLANG_WARN_SUSPICIOUS_MOVE = YES;
				CLANG_WARN_UNGUARDED_AVAILABILITY = YES_AGGRESSIVE;
				CLANG_WARN_UNREACHABLE_CODE = YES;
				CLANG_WARN__DUPLICATE_METHOD_MATCH = YES;
				COPY_PHASE_STRIP = NO;
				DEBUG_INFORMATION_FORMAT = dwarf;
				ENABLE_STRICT_OBJC_MSGSEND = YES;
				ENABLE_TESTABILITY = YES;
				GCC_C_LANGUAGE_STANDARD = gnu11;
				GCC_DYNAMIC_NO_PIC = NO;
				GCC_NO_COMMON_BLOCKS = YES;
				GCC_OPTIMIZATION_LEVEL = 0;
				GCC_PREPROCESSOR_DEFINITIONS = (
					"DEBUG=1",
					"$(inherited)",
				);
				GCC_WARN_64_TO_32_BIT_CONVERSION = YES;
				GCC_WARN_ABOUT_RETURN_TYPE = YES_ERROR;
				GCC_WARN_UNDECLARED_SELECTOR = YES;
				GCC_WARN_UNINITIALIZED_AUTOS = YES_AGGRESSIVE;
				GCC_WARN_UNUSED_FUNCTION = YES;
				GCC_WARN_UNUSED_VARIABLE = YES;
				IPHONEOS_DEPLOYMENT_TARGET = 15.5;
				MTL_ENABLE_DEBUG_INFO = INCLUDE_SOURCE;
				MTL_FAST_MATH = YES;
				ONLY_ACTIVE_ARCH = YES;
				SDKROOT = iphoneos;
				SWIFT_ACTIVE_COMPILATION_CONDITIONS = DEBUG;
				SWIFT_OPTIMIZATION_LEVEL = "-Onone";
			};
			name = Debug;
		};
		6CAC993D28404C54005835DF /* Release */ = {
			isa = XCBuildConfiguration;
			buildSettings = {
				ALWAYS_SEARCH_USER_PATHS = NO;
				CLANG_ANALYZER_NONNULL = YES;
				CLANG_ANALYZER_NUMBER_OBJECT_CONVERSION = YES_AGGRESSIVE;
				CLANG_CXX_LANGUAGE_STANDARD = "gnu++17";
				CLANG_ENABLE_MODULES = YES;
				CLANG_ENABLE_OBJC_ARC = YES;
				CLANG_ENABLE_OBJC_WEAK = YES;
				CLANG_WARN_BLOCK_CAPTURE_AUTORELEASING = YES;
				CLANG_WARN_BOOL_CONVERSION = YES;
				CLANG_WARN_COMMA = YES;
				CLANG_WARN_CONSTANT_CONVERSION = YES;
				CLANG_WARN_DEPRECATED_OBJC_IMPLEMENTATIONS = YES;
				CLANG_WARN_DIRECT_OBJC_ISA_USAGE = YES_ERROR;
				CLANG_WARN_DOCUMENTATION_COMMENTS = YES;
				CLANG_WARN_EMPTY_BODY = YES;
				CLANG_WARN_ENUM_CONVERSION = YES;
				CLANG_WARN_INFINITE_RECURSION = YES;
				CLANG_WARN_INT_CONVERSION = YES;
				CLANG_WARN_NON_LITERAL_NULL_CONVERSION = YES;
				CLANG_WARN_OBJC_IMPLICIT_RETAIN_SELF = YES;
				CLANG_WARN_OBJC_LITERAL_CONVERSION = YES;
				CLANG_WARN_OBJC_ROOT_CLASS = YES_ERROR;
				CLANG_WARN_QUOTED_INCLUDE_IN_FRAMEWORK_HEADER = YES;
				CLANG_WARN_RANGE_LOOP_ANALYSIS = YES;
				CLANG_WARN_STRICT_PROTOTYPES = YES;
				CLANG_WARN_SUSPICIOUS_MOVE = YES;
				CLANG_WARN_UNGUARDED_AVAILABILITY = YES_AGGRESSIVE;
				CLANG_WARN_UNREACHABLE_CODE = YES;
				CLANG_WARN__DUPLICATE_METHOD_MATCH = YES;
				COPY_PHASE_STRIP = NO;
				DEBUG_INFORMATION_FORMAT = "dwarf-with-dsym";
				ENABLE_NS_ASSERTIONS = NO;
				ENABLE_STRICT_OBJC_MSGSEND = YES;
				GCC_C_LANGUAGE_STANDARD = gnu11;
				GCC_NO_COMMON_BLOCKS = YES;
				GCC_WARN_64_TO_32_BIT_CONVERSION = YES;
				GCC_WARN_ABOUT_RETURN_TYPE = YES_ERROR;
				GCC_WARN_UNDECLARED_SELECTOR = YES;
				GCC_WARN_UNINITIALIZED_AUTOS = YES_AGGRESSIVE;
				GCC_WARN_UNUSED_FUNCTION = YES;
				GCC_WARN_UNUSED_VARIABLE = YES;
				IPHONEOS_DEPLOYMENT_TARGET = 15.5;
				MTL_ENABLE_DEBUG_INFO = NO;
				MTL_FAST_MATH = YES;
				SDKROOT = iphoneos;
				SWIFT_COMPILATION_MODE = wholemodule;
				SWIFT_OPTIMIZATION_LEVEL = "-O";
				VALIDATE_PRODUCT = YES;
			};
			name = Release;
		};
		6CAC993F28404C54005835DF /* Debug */ = {
			isa = XCBuildConfiguration;
			buildSettings = {
				ASSETCATALOG_COMPILER_APPICON_NAME = AppIcon;
				ASSETCATALOG_COMPILER_GLOBAL_ACCENT_COLOR_NAME = AccentColor;
				CODE_SIGN_ENTITLEMENTS = "Chapter 2 Exercise/Chapter 2 Exercise.entitlements";
				CODE_SIGN_STYLE = Automatic;
				CURRENT_PROJECT_VERSION = 1;
				DEVELOPMENT_ASSET_PATHS = "\"Chapter 2 Exercise/Preview Content\"";
				DEVELOPMENT_TEAM = 7X7FABXK4C;
				ENABLE_PREVIEWS = YES;
				GENERATE_INFOPLIST_FILE = YES;
				INFOPLIST_FILE = "Chapter-2-Exercise-Info.plist";
				INFOPLIST_KEY_NSHealthShareUsageDescription = "To read some health data.";
				INFOPLIST_KEY_UIApplicationSceneManifest_Generation = YES;
				INFOPLIST_KEY_UIApplicationSupportsIndirectInputEvents = YES;
				INFOPLIST_KEY_UILaunchScreen_Generation = YES;
				INFOPLIST_KEY_UISupportedInterfaceOrientations_iPad = "UIInterfaceOrientationPortrait UIInterfaceOrientationPortraitUpsideDown UIInterfaceOrientationLandscapeLeft UIInterfaceOrientationLandscapeRight";
				INFOPLIST_KEY_UISupportedInterfaceOrientations_iPhone = "UIInterfaceOrientationPortrait UIInterfaceOrientationLandscapeLeft UIInterfaceOrientationLandscapeRight";
				LD_RUNPATH_SEARCH_PATHS = (
					"$(inherited)",
					"@executable_path/Frameworks",
				);
				MARKETING_VERSION = 1.0;
				PRODUCT_BUNDLE_IDENTIFIER = "com.andyibanez.Chapter-2-Exercise";
				PRODUCT_NAME = "$(TARGET_NAME)";
				SWIFT_EMIT_LOC_STRINGS = YES;
				SWIFT_VERSION = 5.0;
				TARGETED_DEVICE_FAMILY = "1,2";
			};
			name = Debug;
		};
		6CAC994028404C54005835DF /* Release */ = {
			isa = XCBuildConfiguration;
			buildSettings = {
				ASSETCATALOG_COMPILER_APPICON_NAME = AppIcon;
				ASSETCATALOG_COMPILER_GLOBAL_ACCENT_COLOR_NAME = AccentColor;
				CODE_SIGN_ENTITLEMENTS = "Chapter 2 Exercise/Chapter 2 Exercise.entitlements";
				CODE_SIGN_STYLE = Automatic;
				CURRENT_PROJECT_VERSION = 1;
				DEVELOPMENT_ASSET_PATHS = "\"Chapter 2 Exercise/Preview Content\"";
				DEVELOPMENT_TEAM = 7X7FABXK4C;
				ENABLE_PREVIEWS = YES;
				GENERATE_INFOPLIST_FILE = YES;
				INFOPLIST_FILE = "Chapter-2-Exercise-Info.plist";
				INFOPLIST_KEY_NSHealthShareUsageDescription = "To read some health data.";
				INFOPLIST_KEY_UIApplicationSceneManifest_Generation = YES;
				INFOPLIST_KEY_UIApplicationSupportsIndirectInputEvents = YES;
				INFOPLIST_KEY_UILaunchScreen_Generation = YES;
				INFOPLIST_KEY_UISupportedInterfaceOrientations_iPad = "UIInterfaceOrientationPortrait UIInterfaceOrientationPortraitUpsideDown UIInterfaceOrientationLandscapeLeft UIInterfaceOrientationLandscapeRight";
				INFOPLIST_KEY_UISupportedInterfaceOrientations_iPhone = "UIInterfaceOrientationPortrait UIInterfaceOrientationLandscapeLeft UIInterfaceOrientationLandscapeRight";
				LD_RUNPATH_SEARCH_PATHS = (
					"$(inherited)",
					"@executable_path/Frameworks",
				);
				MARKETING_VERSION = 1.0;
				PRODUCT_BUNDLE_IDENTIFIER = "com.andyibanez.Chapter-2-Exercise";
				PRODUCT_NAME = "$(TARGET_NAME)";
				SWIFT_EMIT_LOC_STRINGS = YES;
				SWIFT_VERSION = 5.0;
				TARGETED_DEVICE_FAMILY = "1,2";
			};
			name = Release;
		};
/* End XCBuildConfiguration section */

/* Begin XCConfigurationList section */
		6CAC992B28404C52005835DF /* Build configuration list for PBXProject "Chapter 2 Exercise" */ = {
			isa = XCConfigurationList;
			buildConfigurations = (
				6CAC993C28404C54005835DF /* Debug */,
				6CAC993D28404C54005835DF /* Release */,
			);
			defaultConfigurationIsVisible = 0;
			defaultConfigurationName = Release;
		};
		6CAC993E28404C54005835DF /* Build configuration list for PBXNativeTarget "Chapter 2 Exercise" */ = {
			isa = XCConfigurationList;
			buildConfigurations = (
				6CAC993F28404C54005835DF /* Debug */,
				6CAC994028404C54005835DF /* Release */,
			);
			defaultConfigurationIsVisible = 0;
			defaultConfigurationName = Release;
		};
/* End XCConfigurationList section */
	};
	rootObject = 6CAC992828404C52005835DF /* Project object */;
}
